<Solution>
  <Project Path="Unity.CastVisualizer.Editor.csproj" />
  <Project Path="Assembly-CSharp.csproj" />
  <Project Path="uLipSync.Editor.csproj" />
  <Project Path="EditorAttributes.Editor.csproj" />
  <Project Path="Assembly-CSharp-Editor.csproj" />
  <Project Path="UnityChan.csproj" />
  <Project Path="uLipSync.Example.RuntimeProfile.Runtime.csproj" />
  <Project Path="AYellowpaper.SerializedCollections.csproj" />
  <Project Path="uLipSync.Runtime.csproj" />
  <Project Path="EditorAttributes.csproj" />
  <Project Path="AYellowpaper.SerializedCollections.Editor.csproj" />
  <Project Path="UMotionSourceEditor.csproj" />
  <Project Path="uLipSync.Samples.VRM.Editor.csproj" />
  <Project Path="Unity.CastVisualizer.Runtime.csproj" />
  <Project Path="uLipSync.Samples.VRM.Runtime.csproj" />
  <Project Path="Unity.XR.Interaction.Toolkit.Samples.StarterAssets.csproj" />
  <Project Path="Unity.PlayerPrefsEditor.Editor.csproj" />
  <Project Path="uLipSync.Samples.RuntimeSetup.Runtime.csproj" />
  <Project Path="uLipSync.Samples.Animator.Runtime.csproj" />
  <Project Path="Unity.XR.Interaction.Toolkit.Samples.DeviceSimulator.csproj" />
  <Project Path="uLipSync.Samples.Common.csproj" />
  <Project Path="uLipSync.Samples.WebGL.Runtime.csproj" />
  <Project Path="Unity.PlayerPrefsEditor.EditorResources.csproj" />
  <Project Path="Unity.CastVisualizer.Samples.SampleScenes.csproj" />
  <Project Path="UMotionSourceApplication.csproj" />
  <Project Path="Unity.XR.Interaction.Toolkit.Samples.StarterAssets.Editor.csproj" />
  <Project Path="PrimeTween.Installer.csproj" />
</Solution>
